// !$*UTF8*$!
{
	archiveVersion = 1;
	classes = {
	};
	objectVersion = 50;
	objects = {

/* Begin PBXBuildFile section */
		C345D94E23EC97B200504223 /* BluetoothManager.swift in Sources */ = {isa = PBXBuildFile; fileRef = C345D94D23EC97B200504223 /* BluetoothManager.swift */; };
		C345D95023ECA06900504223 /* BluetoothManagerTests.swift in Sources */ = {isa = PBXBuildFile; fileRef = C345D94F23ECA06900504223 /* BluetoothManagerTests.swift */; };
		C36EC4CC23F1C1C000FA1276 /* ViewController.swift in Sources */ = {isa = PBXBuildFile; fileRef = EBC31E3123EB637400D4AAE6 /* ViewController.swift */; };
		C36EC4CD23F1C26800FA1276 /* BluetoothManager.swift in Sources */ = {isa = PBXBuildFile; fileRef = C345D94D23EC97B200504223 /* BluetoothManager.swift */; };
		EBC31E2E23EB637400D4AAE6 /* AppDelegate.swift in Sources */ = {isa = PBXBuildFile; fileRef = EBC31E2D23EB637400D4AAE6 /* AppDelegate.swift */; };
		EBC31E3023EB637400D4AAE6 /* SceneDelegate.swift in Sources */ = {isa = PBXBuildFile; fileRef = EBC31E2F23EB637400D4AAE6 /* SceneDelegate.swift */; };
		EBC31E3223EB637400D4AAE6 /* ViewController.swift in Sources */ = {isa = PBXBuildFile; fileRef = EBC31E3123EB637400D4AAE6 /* ViewController.swift */; };
		EBC31E3523EB637400D4AAE6 /* Main.storyboard in Resources */ = {isa = PBXBuildFile; fileRef = EBC31E3323EB637400D4AAE6 /* Main.storyboard */; };
		EBC31E3723EB637600D4AAE6 /* Assets.xcassets in Resources */ = {isa = PBXBuildFile; fileRef = EBC31E3623EB637600D4AAE6 /* Assets.xcassets */; };
		EBC31E3A23EB637600D4AAE6 /* LaunchScreen.storyboard in Resources */ = {isa = PBXBuildFile; fileRef = EBC31E3823EB637600D4AAE6 /* LaunchScreen.storyboard */; };
		EBC31E4523EB637600D4AAE6 /* AlphaLineTests.swift in Sources */ = {isa = PBXBuildFile; fileRef = EBC31E4423EB637600D4AAE6 /* AlphaLineTests.swift */; };
		EBC31E5023EB637600D4AAE6 /* AlphaLineUITests.swift in Sources */ = {isa = PBXBuildFile; fileRef = EBC31E4F23EB637600D4AAE6 /* AlphaLineUITests.swift */; };
		EBC31E5E23F62ED500D4AAE6 /* BackView.swift in Sources */ = {isa = PBXBuildFile; fileRef = EBC31E5D23F62ED500D4AAE6 /* BackView.swift */; };
		EBC31E6423F896A300D4AAE6 /* CustomViewController.swift in Sources */ = {isa = PBXBuildFile; fileRef = EBC31E6323F896A300D4AAE6 /* CustomViewController.swift */; };
		EBC31E6623FB1D5000D4AAE6 /* DataHub.swift in Sources */ = {isa = PBXBuildFile; fileRef = EBC31E6523FB1D5000D4AAE6 /* DataHub.swift */; };
/* End PBXBuildFile section */

/* Begin PBXContainerItemProxy section */
		EBC31E4123EB637600D4AAE6 /* PBXContainerItemProxy */ = {
			isa = PBXContainerItemProxy;
			containerPortal = EBC31E2223EB637400D4AAE6 /* Project object */;
			proxyType = 1;
			remoteGlobalIDString = EBC31E2923EB637400D4AAE6;
			remoteInfo = AlphaLine;
		};
		EBC31E4C23EB637600D4AAE6 /* PBXContainerItemProxy */ = {
			isa = PBXContainerItemProxy;
			containerPortal = EBC31E2223EB637400D4AAE6 /* Project object */;
			proxyType = 1;
			remoteGlobalIDString = EBC31E2923EB637400D4AAE6;
			remoteInfo = AlphaLine;
		};
/* End PBXContainerItemProxy section */

/* Begin PBXFileReference section */
		C345D94D23EC97B200504223 /* BluetoothManager.swift */ = {isa = PBXFileReference; lastKnownFileType = sourcecode.swift; path = BluetoothManager.swift; sourceTree = "<group>"; };
		C345D94F23ECA06900504223 /* BluetoothManagerTests.swift */ = {isa = PBXFileReference; lastKnownFileType = sourcecode.swift; path = BluetoothManagerTests.swift; sourceTree = "<group>"; };
		EBC31E2A23EB637400D4AAE6 /* AlphaLine.app */ = {isa = PBXFileReference; explicitFileType = wrapper.application; includeInIndex = 0; path = AlphaLine.app; sourceTree = BUILT_PRODUCTS_DIR; };
		EBC31E2D23EB637400D4AAE6 /* AppDelegate.swift */ = {isa = PBXFileReference; lastKnownFileType = sourcecode.swift; path = AppDelegate.swift; sourceTree = "<group>"; };
		EBC31E2F23EB637400D4AAE6 /* SceneDelegate.swift */ = {isa = PBXFileReference; lastKnownFileType = sourcecode.swift; path = SceneDelegate.swift; sourceTree = "<group>"; };
		EBC31E3123EB637400D4AAE6 /* ViewController.swift */ = {isa = PBXFileReference; lastKnownFileType = sourcecode.swift; path = ViewController.swift; sourceTree = "<group>"; };
		EBC31E3423EB637400D4AAE6 /* Base */ = {isa = PBXFileReference; lastKnownFileType = file.storyboard; name = Base; path = Base.lproj/Main.storyboard; sourceTree = "<group>"; };
		EBC31E3623EB637600D4AAE6 /* Assets.xcassets */ = {isa = PBXFileReference; lastKnownFileType = folder.assetcatalog; path = Assets.xcassets; sourceTree = "<group>"; };
		EBC31E3923EB637600D4AAE6 /* Base */ = {isa = PBXFileReference; lastKnownFileType = file.storyboard; name = Base; path = Base.lproj/LaunchScreen.storyboard; sourceTree = "<group>"; };
		EBC31E3B23EB637600D4AAE6 /* Info.plist */ = {isa = PBXFileReference; lastKnownFileType = text.plist.xml; path = Info.plist; sourceTree = "<group>"; };
		EBC31E4023EB637600D4AAE6 /* AlphaLineTests.xctest */ = {isa = PBXFileReference; explicitFileType = wrapper.cfbundle; includeInIndex = 0; path = AlphaLineTests.xctest; sourceTree = BUILT_PRODUCTS_DIR; };
		EBC31E4423EB637600D4AAE6 /* AlphaLineTests.swift */ = {isa = PBXFileReference; lastKnownFileType = sourcecode.swift; path = AlphaLineTests.swift; sourceTree = "<group>"; };
		EBC31E4623EB637600D4AAE6 /* Info.plist */ = {isa = PBXFileReference; lastKnownFileType = text.plist.xml; path = Info.plist; sourceTree = "<group>"; };
		EBC31E4B23EB637600D4AAE6 /* AlphaLineUITests.xctest */ = {isa = PBXFileReference; explicitFileType = wrapper.cfbundle; includeInIndex = 0; path = AlphaLineUITests.xctest; sourceTree = BUILT_PRODUCTS_DIR; };
		EBC31E4F23EB637600D4AAE6 /* AlphaLineUITests.swift */ = {isa = PBXFileReference; lastKnownFileType = sourcecode.swift; path = AlphaLineUITests.swift; sourceTree = "<group>"; };
		EBC31E5123EB637600D4AAE6 /* Info.plist */ = {isa = PBXFileReference; lastKnownFileType = text.plist.xml; path = Info.plist; sourceTree = "<group>"; };
		EBC31E5D23F62ED500D4AAE6 /* BackView.swift */ = {isa = PBXFileReference; lastKnownFileType = sourcecode.swift; path = BackView.swift; sourceTree = "<group>"; };
		EBC31E6323F896A300D4AAE6 /* CustomViewController.swift */ = {isa = PBXFileReference; lastKnownFileType = sourcecode.swift; path = CustomViewController.swift; sourceTree = "<group>"; };
		EBC31E6523FB1D5000D4AAE6 /* DataHub.swift */ = {isa = PBXFileReference; lastKnownFileType = sourcecode.swift; path = DataHub.swift; sourceTree = "<group>"; };
/* End PBXFileReference section */

/* Begin PBXFrameworksBuildPhase section */
		EBC31E2723EB637400D4AAE6 /* Frameworks */ = {
			isa = PBXFrameworksBuildPhase;
			buildActionMask = 2147483647;
			files = (
			);
			runOnlyForDeploymentPostprocessing = 0;
		};
		EBC31E3D23EB637600D4AAE6 /* Frameworks */ = {
			isa = PBXFrameworksBuildPhase;
			buildActionMask = 2147483647;
			files = (
			);
			runOnlyForDeploymentPostprocessing = 0;
		};
		EBC31E4823EB637600D4AAE6 /* Frameworks */ = {
			isa = PBXFrameworksBuildPhase;
			buildActionMask = 2147483647;
			files = (
			);
			runOnlyForDeploymentPostprocessing = 0;
		};
/* End PBXFrameworksBuildPhase section */

/* Begin PBXGroup section */
		EBC31E2123EB637400D4AAE6 = {
			isa = PBXGroup;
			children = (
				EBC31E2C23EB637400D4AAE6 /* AlphaLine */,
				EBC31E4323EB637600D4AAE6 /* AlphaLineTests */,
				EBC31E4E23EB637600D4AAE6 /* AlphaLineUITests */,
				EBC31E2B23EB637400D4AAE6 /* Products */,
			);
			sourceTree = "<group>";
		};
		EBC31E2B23EB637400D4AAE6 /* Products */ = {
			isa = PBXGroup;
			children = (
				EBC31E2A23EB637400D4AAE6 /* AlphaLine.app */,
				EBC31E4023EB637600D4AAE6 /* AlphaLineTests.xctest */,
				EBC31E4B23EB637600D4AAE6 /* AlphaLineUITests.xctest */,
			);
			name = Products;
			sourceTree = "<group>";
		};
		EBC31E2C23EB637400D4AAE6 /* AlphaLine */ = {
			isa = PBXGroup;
			children = (
				EBC31E6323F896A300D4AAE6 /* CustomViewController.swift */,
				EBC31E5D23F62ED500D4AAE6 /* BackView.swift */,
				EBC31E6523FB1D5000D4AAE6 /* DataHub.swift */,
				EBC31E2D23EB637400D4AAE6 /* AppDelegate.swift */,
				EBC31E2F23EB637400D4AAE6 /* SceneDelegate.swift */,
				EBC31E3123EB637400D4AAE6 /* ViewController.swift */,
				C345D94D23EC97B200504223 /* BluetoothManager.swift */,
				EBC31E3323EB637400D4AAE6 /* Main.storyboard */,
				EBC31E3623EB637600D4AAE6 /* Assets.xcassets */,
				EBC31E3823EB637600D4AAE6 /* LaunchScreen.storyboard */,
				EBC31E3B23EB637600D4AAE6 /* Info.plist */,
			);
			path = AlphaLine;
			sourceTree = "<group>";
		};
		EBC31E4323EB637600D4AAE6 /* AlphaLineTests */ = {
			isa = PBXGroup;
			children = (
				EBC31E4423EB637600D4AAE6 /* AlphaLineTests.swift */,
				EBC31E4623EB637600D4AAE6 /* Info.plist */,
				C345D94F23ECA06900504223 /* BluetoothManagerTests.swift */,
			);
			path = AlphaLineTests;
			sourceTree = "<group>";
		};
		EBC31E4E23EB637600D4AAE6 /* AlphaLineUITests */ = {
			isa = PBXGroup;
			children = (
				EBC31E4F23EB637600D4AAE6 /* AlphaLineUITests.swift */,
				EBC31E5123EB637600D4AAE6 /* Info.plist */,
			);
			path = AlphaLineUITests;
			sourceTree = "<group>";
		};
/* End PBXGroup section */

/* Begin PBXNativeTarget section */
		EBC31E2923EB637400D4AAE6 /* AlphaLine */ = {
			isa = PBXNativeTarget;
			buildConfigurationList = EBC31E5423EB637600D4AAE6 /* Build configuration list for PBXNativeTarget "AlphaLine" */;
			buildPhases = (
				EBC31E2623EB637400D4AAE6 /* Sources */,
				EBC31E2723EB637400D4AAE6 /* Frameworks */,
				EBC31E2823EB637400D4AAE6 /* Resources */,
			);
			buildRules = (
			);
			dependencies = (
			);
			name = AlphaLine;
			productName = AlphaLine;
			productReference = EBC31E2A23EB637400D4AAE6 /* AlphaLine.app */;
			productType = "com.apple.product-type.application";
		};
		EBC31E3F23EB637600D4AAE6 /* AlphaLineTests */ = {
			isa = PBXNativeTarget;
			buildConfigurationList = EBC31E5723EB637600D4AAE6 /* Build configuration list for PBXNativeTarget "AlphaLineTests" */;
			buildPhases = (
				EBC31E3C23EB637600D4AAE6 /* Sources */,
				EBC31E3D23EB637600D4AAE6 /* Frameworks */,
				EBC31E3E23EB637600D4AAE6 /* Resources */,
			);
			buildRules = (
			);
			dependencies = (
				EBC31E4223EB637600D4AAE6 /* PBXTargetDependency */,
			);
			name = AlphaLineTests;
			productName = AlphaLineTests;
			productReference = EBC31E4023EB637600D4AAE6 /* AlphaLineTests.xctest */;
			productType = "com.apple.product-type.bundle.unit-test";
		};
		EBC31E4A23EB637600D4AAE6 /* AlphaLineUITests */ = {
			isa = PBXNativeTarget;
			buildConfigurationList = EBC31E5A23EB637600D4AAE6 /* Build configuration list for PBXNativeTarget "AlphaLineUITests" */;
			buildPhases = (
				EBC31E4723EB637600D4AAE6 /* Sources */,
				EBC31E4823EB637600D4AAE6 /* Frameworks */,
				EBC31E4923EB637600D4AAE6 /* Resources */,
			);
			buildRules = (
			);
			dependencies = (
				EBC31E4D23EB637600D4AAE6 /* PBXTargetDependency */,
			);
			name = AlphaLineUITests;
			productName = AlphaLineUITests;
			productReference = EBC31E4B23EB637600D4AAE6 /* AlphaLineUITests.xctest */;
			productType = "com.apple.product-type.bundle.ui-testing";
		};
/* End PBXNativeTarget section */

/* Begin PBXProject section */
		EBC31E2223EB637400D4AAE6 /* Project object */ = {
			isa = PBXProject;
			attributes = {
				LastSwiftUpdateCheck = 1130;
				LastUpgradeCheck = 1130;
				ORGANIZATIONNAME = "Group 6";
				TargetAttributes = {
					EBC31E2923EB637400D4AAE6 = {
						CreatedOnToolsVersion = 11.3.1;
					};
					EBC31E3F23EB637600D4AAE6 = {
						CreatedOnToolsVersion = 11.3.1;
						TestTargetID = EBC31E2923EB637400D4AAE6;
					};
					EBC31E4A23EB637600D4AAE6 = {
						CreatedOnToolsVersion = 11.3.1;
						TestTargetID = EBC31E2923EB637400D4AAE6;
					};
				};
			};
			buildConfigurationList = EBC31E2523EB637400D4AAE6 /* Build configuration list for PBXProject "AlphaLine" */;
			compatibilityVersion = "Xcode 9.3";
			developmentRegion = en;
			hasScannedForEncodings = 0;
			knownRegions = (
				en,
				Base,
			);
			mainGroup = EBC31E2123EB637400D4AAE6;
			productRefGroup = EBC31E2B23EB637400D4AAE6 /* Products */;
			projectDirPath = "";
			projectRoot = "";
			targets = (
				EBC31E2923EB637400D4AAE6 /* AlphaLine */,
				EBC31E3F23EB637600D4AAE6 /* AlphaLineTests */,
				EBC31E4A23EB637600D4AAE6 /* AlphaLineUITests */,
			);
		};
/* End PBXProject section */

/* Begin PBXResourcesBuildPhase section */
		EBC31E2823EB637400D4AAE6 /* Resources */ = {
			isa = PBXResourcesBuildPhase;
			buildActionMask = 2147483647;
			files = (
				EBC31E3A23EB637600D4AAE6 /* LaunchScreen.storyboard in Resources */,
				EBC31E3723EB637600D4AAE6 /* Assets.xcassets in Resources */,
				EBC31E3523EB637400D4AAE6 /* Main.storyboard in Resources */,
			);
			runOnlyForDeploymentPostprocessing = 0;
		};
		EBC31E3E23EB637600D4AAE6 /* Resources */ = {
			isa = PBXResourcesBuildPhase;
			buildActionMask = 2147483647;
			files = (
			);
			runOnlyForDeploymentPostprocessing = 0;
		};
		EBC31E4923EB637600D4AAE6 /* Resources */ = {
			isa = PBXResourcesBuildPhase;
			buildActionMask = 2147483647;
			files = (
			);
			runOnlyForDeploymentPostprocessing = 0;
		};
/* End PBXResourcesBuildPhase section */

/* Begin PBXSourcesBuildPhase section */
		EBC31E2623EB637400D4AAE6 /* Sources */ = {
			isa = PBXSourcesBuildPhase;
			buildActionMask = 2147483647;
			files = (
				EBC31E3223EB637400D4AAE6 /* ViewController.swift in Sources */,
				EBC31E6423F896A300D4AAE6 /* CustomViewController.swift in Sources */,
				EBC31E5E23F62ED500D4AAE6 /* BackView.swift in Sources */,
				EBC31E6623FB1D5000D4AAE6 /* DataHub.swift in Sources */,
				EBC31E2E23EB637400D4AAE6 /* AppDelegate.swift in Sources */,
				EBC31E3023EB637400D4AAE6 /* SceneDelegate.swift in Sources */,
				C345D94E23EC97B200504223 /* BluetoothManager.swift in Sources */,
			);
			runOnlyForDeploymentPostprocessing = 0;
		};
		EBC31E3C23EB637600D4AAE6 /* Sources */ = {
			isa = PBXSourcesBuildPhase;
			buildActionMask = 2147483647;
			files = (
				C36EC4CD23F1C26800FA1276 /* BluetoothManager.swift in Sources */,
				C36EC4CC23F1C1C000FA1276 /* ViewController.swift in Sources */,
				EBC31E4523EB637600D4AAE6 /* AlphaLineTests.swift in Sources */,
				C345D95023ECA06900504223 /* BluetoothManagerTests.swift in Sources */,
			);
			runOnlyForDeploymentPostprocessing = 0;
		};
		EBC31E4723EB637600D4AAE6 /* Sources */ = {
			isa = PBXSourcesBuildPhase;
			buildActionMask = 2147483647;
			files = (
				EBC31E5023EB637600D4AAE6 /* AlphaLineUITests.swift in Sources */,
			);
			runOnlyForDeploymentPostprocessing = 0;
		};
/* End PBXSourcesBuildPhase section */

/* Begin PBXTargetDependency section */
		EBC31E4223EB637600D4AAE6 /* PBXTargetDependency */ = {
			isa = PBXTargetDependency;
			target = EBC31E2923EB637400D4AAE6 /* AlphaLine */;
			targetProxy = EBC31E4123EB637600D4AAE6 /* PBXContainerItemProxy */;
		};
		EBC31E4D23EB637600D4AAE6 /* PBXTargetDependency */ = {
			isa = PBXTargetDependency;
			target = EBC31E2923EB637400D4AAE6 /* AlphaLine */;
			targetProxy = EBC31E4C23EB637600D4AAE6 /* PBXContainerItemProxy */;
		};
/* End PBXTargetDependency section */

/* Begin PBXVariantGroup section */
		EBC31E3323EB637400D4AAE6 /* Main.storyboard */ = {
			isa = PBXVariantGroup;
			children = (
				EBC31E3423EB637400D4AAE6 /* Base */,
			);
			name = Main.storyboard;
			sourceTree = "<group>";
		};
		EBC31E3823EB637600D4AAE6 /* LaunchScreen.storyboard */ = {
			isa = PBXVariantGroup;
			children = (
				EBC31E3923EB637600D4AAE6 /* Base */,
			);
			name = LaunchScreen.storyboard;
			sourceTree = "<group>";
		};
/* End PBXVariantGroup section */

/* Begin XCBuildConfiguration section */
		EBC31E5223EB637600D4AAE6 /* Debug */ = {
			isa = XCBuildConfiguration;
			buildSettings = {
				ALWAYS_SEARCH_USER_PATHS = NO;
				CLANG_ANALYZER_NONNULL = YES;
				CLANG_ANALYZER_NUMBER_OBJECT_CONVERSION = YES_AGGRESSIVE;
				CLANG_CXX_LANGUAGE_STANDARD = "gnu++14";
				CLANG_CXX_LIBRARY = "libc++";
				CLANG_ENABLE_MODULES = YES;
				CLANG_ENABLE_OBJC_ARC = YES;
				CLANG_ENABLE_OBJC_WEAK = YES;
				CLANG_WARN_BLOCK_CAPTURE_AUTORELEASING = YES;
				CLANG_WARN_BOOL_CONVERSION = YES;
				CLANG_WARN_COMMA = YES;
				CLANG_WARN_CONSTANT_CONVERSION = YES;
				CLANG_WARN_DEPRECATED_OBJC_IMPLEMENTATIONS = YES;
				CLANG_WARN_DIRECT_OBJC_ISA_USAGE = YES_ERROR;
				CLANG_WARN_DOCUMENTATION_COMMENTS = YES;
				CLANG_WARN_EMPTY_BODY = YES;
				CLANG_WARN_ENUM_CONVERSION = YES;
				CLANG_WARN_INFINITE_RECURSION = YES;
				CLANG_WARN_INT_CONVERSION = YES;
				CLANG_WARN_NON_LITERAL_NULL_CONVERSION = YES;
				CLANG_WARN_OBJC_IMPLICIT_RETAIN_SELF = YES;
				CLANG_WARN_OBJC_LITERAL_CONVERSION = YES;
				CLANG_WARN_OBJC_ROOT_CLASS = YES_ERROR;
				CLANG_WARN_RANGE_LOOP_ANALYSIS = YES;
				CLANG_WARN_STRICT_PROTOTYPES = YES;
				CLANG_WARN_SUSPICIOUS_MOVE = YES;
				CLANG_WARN_UNGUARDED_AVAILABILITY = YES_AGGRESSIVE;
				CLANG_WARN_UNREACHABLE_CODE = YES;
				CLANG_WARN__DUPLICATE_METHOD_MATCH = YES;
				COPY_PHASE_STRIP = NO;
				DEBUG_INFORMATION_FORMAT = dwarf;
				ENABLE_STRICT_OBJC_MSGSEND = YES;
				ENABLE_TESTABILITY = YES;
				GCC_C_LANGUAGE_STANDARD = gnu11;
				GCC_DYNAMIC_NO_PIC = NO;
				GCC_NO_COMMON_BLOCKS = YES;
				GCC_OPTIMIZATION_LEVEL = 0;
				GCC_PREPROCESSOR_DEFINITIONS = (
					"DEBUG=1",
					"$(inherited)",
				);
				GCC_WARN_64_TO_32_BIT_CONVERSION = YES;
				GCC_WARN_ABOUT_RETURN_TYPE = YES_ERROR;
				GCC_WARN_UNDECLARED_SELECTOR = YES;
				GCC_WARN_UNINITIALIZED_AUTOS = YES_AGGRESSIVE;
				GCC_WARN_UNUSED_FUNCTION = YES;
				GCC_WARN_UNUSED_VARIABLE = YES;
				IPHONEOS_DEPLOYMENT_TARGET = 13.2;
				MTL_ENABLE_DEBUG_INFO = INCLUDE_SOURCE;
				MTL_FAST_MATH = YES;
				ONLY_ACTIVE_ARCH = YES;
				SDKROOT = iphoneos;
				SWIFT_ACTIVE_COMPILATION_CONDITIONS = DEBUG;
				SWIFT_OPTIMIZATION_LEVEL = "-Onone";
			};
			name = Debug;
		};
		EBC31E5323EB637600D4AAE6 /* Release */ = {
			isa = XCBuildConfiguration;
			buildSettings = {
				ALWAYS_SEARCH_USER_PATHS = NO;
				CLANG_ANALYZER_NONNULL = YES;
				CLANG_ANALYZER_NUMBER_OBJECT_CONVERSION = YES_AGGRESSIVE;
				CLANG_CXX_LANGUAGE_STANDARD = "gnu++14";
				CLANG_CXX_LIBRARY = "libc++";
				CLANG_ENABLE_MODULES = YES;
				CLANG_ENABLE_OBJC_ARC = YES;
				CLANG_ENABLE_OBJC_WEAK = YES;
				CLANG_WARN_BLOCK_CAPTURE_AUTORELEASING = YES;
				CLANG_WARN_BOOL_CONVERSION = YES;
				CLANG_WARN_COMMA = YES;
				CLANG_WARN_CONSTANT_CONVERSION = YES;
				CLANG_WARN_DEPRECATED_OBJC_IMPLEMENTATIONS = YES;
				CLANG_WARN_DIRECT_OBJC_ISA_USAGE = YES_ERROR;
				CLANG_WARN_DOCUMENTATION_COMMENTS = YES;
				CLANG_WARN_EMPTY_BODY = YES;
				CLANG_WARN_ENUM_CONVERSION = YES;
				CLANG_WARN_INFINITE_RECURSION = YES;
				CLANG_WARN_INT_CONVERSION = YES;
				CLANG_WARN_NON_LITERAL_NULL_CONVERSION = YES;
				CLANG_WARN_OBJC_IMPLICIT_RETAIN_SELF = YES;
				CLANG_WARN_OBJC_LITERAL_CONVERSION = YES;
				CLANG_WARN_OBJC_ROOT_CLASS = YES_ERROR;
				CLANG_WARN_RANGE_LOOP_ANALYSIS = YES;
				CLANG_WARN_STRICT_PROTOTYPES = YES;
				CLANG_WARN_SUSPICIOUS_MOVE = YES;
				CLANG_WARN_UNGUARDED_AVAILABILITY = YES_AGGRESSIVE;
				CLANG_WARN_UNREACHABLE_CODE = YES;
				CLANG_WARN__DUPLICATE_METHOD_MATCH = YES;
				COPY_PHASE_STRIP = NO;
				DEBUG_INFORMATION_FORMAT = "dwarf-with-dsym";
				ENABLE_NS_ASSERTIONS = NO;
				ENABLE_STRICT_OBJC_MSGSEND = YES;
				GCC_C_LANGUAGE_STANDARD = gnu11;
				GCC_NO_COMMON_BLOCKS = YES;
				GCC_WARN_64_TO_32_BIT_CONVERSION = YES;
				GCC_WARN_ABOUT_RETURN_TYPE = YES_ERROR;
				GCC_WARN_UNDECLARED_SELECTOR = YES;
				GCC_WARN_UNINITIALIZED_AUTOS = YES_AGGRESSIVE;
				GCC_WARN_UNUSED_FUNCTION = YES;
				GCC_WARN_UNUSED_VARIABLE = YES;
				IPHONEOS_DEPLOYMENT_TARGET = 13.2;
				MTL_ENABLE_DEBUG_INFO = NO;
				MTL_FAST_MATH = YES;
				SDKROOT = iphoneos;
				SWIFT_COMPILATION_MODE = wholemodule;
				SWIFT_OPTIMIZATION_LEVEL = "-O";
				VALIDATE_PRODUCT = YES;
			};
			name = Release;
		};
		EBC31E5523EB637600D4AAE6 /* Debug */ = {
			isa = XCBuildConfiguration;
			buildSettings = {
				ASSETCATALOG_COMPILER_APPICON_NAME = AppIcon;
				CODE_SIGN_STYLE = Automatic;
				DEVELOPMENT_TEAM = 642WS839P2;
				INFOPLIST_FILE = AlphaLine/Info.plist;
				LD_RUNPATH_SEARCH_PATHS = (
					"$(inherited)",
					"@executable_path/Frameworks",
				);
				PRODUCT_BUNDLE_IDENTIFIER = G6.AlphaLine;
				PRODUCT_NAME = "$(TARGET_NAME)";
				SWIFT_VERSION = 5.0;
				TARGETED_DEVICE_FAMILY = "1,2";
			};
			name = Debug;
		};
		EBC31E5623EB637600D4AAE6 /* Release */ = {
			isa = XCBuildConfiguration;
			buildSettings = {
				ASSETCATALOG_COMPILER_APPICON_NAME = AppIcon;
				CODE_SIGN_STYLE = Automatic;
				DEVELOPMENT_TEAM = 642WS839P2;
				INFOPLIST_FILE = AlphaLine/Info.plist;
				LD_RUNPATH_SEARCH_PATHS = (
					"$(inherited)",
					"@executable_path/Frameworks",
				);
				PRODUCT_BUNDLE_IDENTIFIER = G6.AlphaLine;
				PRODUCT_NAME = "$(TARGET_NAME)";
				SWIFT_VERSION = 5.0;
				TARGETED_DEVICE_FAMILY = "1,2";
			};
			name = Release;
		};
		EBC31E5823EB637600D4AAE6 /* Debug */ = {
			isa = XCBuildConfiguration;
			buildSettings = {
				ALWAYS_EMBED_SWIFT_STANDARD_LIBRARIES = YES;
				BUNDLE_LOADER = "$(TEST_HOST)";
				CODE_SIGN_STYLE = Automatic;
				DEVELOPMENT_TEAM = 642WS839P2;
				INFOPLIST_FILE = AlphaLineTests/Info.plist;
				IPHONEOS_DEPLOYMENT_TARGET = 13.2;
				LD_RUNPATH_SEARCH_PATHS = (
					"$(inherited)",
					"@executable_path/Frameworks",
					"@loader_path/Frameworks",
				);
				PRODUCT_BUNDLE_IDENTIFIER = G6.AlphaLineTests;
				PRODUCT_NAME = "$(TARGET_NAME)";
				SWIFT_VERSION = 5.0;
				TARGETED_DEVICE_FAMILY = "1,2";
				TEST_HOST = "$(BUILT_PRODUCTS_DIR)/AlphaLine.app/AlphaLine";
			};
			name = Debug;
		};
		EBC31E5923EB637600D4AAE6 /* Release */ = {
			isa = XCBuildConfiguration;
			buildSettings = {
				ALWAYS_EMBED_SWIFT_STANDARD_LIBRARIES = YES;
				BUNDLE_LOADER = "$(TEST_HOST)";
				CODE_SIGN_STYLE = Automatic;
				DEVELOPMENT_TEAM = 642WS839P2;
				INFOPLIST_FILE = AlphaLineTests/Info.plist;
				IPHONEOS_DEPLOYMENT_TARGET = 13.2;
				LD_RUNPATH_SEARCH_PATHS = (
					"$(inherited)",
					"@executable_path/Frameworks",
					"@loader_path/Frameworks",
				);
				PRODUCT_BUNDLE_IDENTIFIER = G6.AlphaLineTests;
				PRODUCT_NAME = "$(TARGET_NAME)";
				SWIFT_VERSION = 5.0;
				TARGETED_DEVICE_FAMILY = "1,2";
				TEST_HOST = "$(BUILT_PRODUCTS_DIR)/AlphaLine.app/AlphaLine";
			};
			name = Release;
		};
		EBC31E5B23EB637600D4AAE6 /* Debug */ = {
			isa = XCBuildConfiguration;
			buildSettings = {
				ALWAYS_EMBED_SWIFT_STANDARD_LIBRARIES = YES;
				CODE_SIGN_STYLE = Automatic;
				DEVELOPMENT_TEAM = 642WS839P2;
				INFOPLIST_FILE = AlphaLineUITests/Info.plist;
				LD_RUNPATH_SEARCH_PATHS = (
					"$(inherited)",
					"@executable_path/Frameworks",
					"@loader_path/Frameworks",
				);
				PRODUCT_BUNDLE_IDENTIFIER = G6.AlphaLineUITests;
				PRODUCT_NAME = "$(TARGET_NAME)";
				SWIFT_VERSION = 5.0;
				TARGETED_DEVICE_FAMILY = "1,2";
				TEST_TARGET_NAME = AlphaLine;
			};
			name = Debug;
		};
		EBC31E5C23EB637600D4AAE6 /* Release */ = {
			isa = XCBuildConfiguration;
			buildSettings = {
				ALWAYS_EMBED_SWIFT_STANDARD_LIBRARIES = YES;
				CODE_SIGN_STYLE = Automatic;
				DEVELOPMENT_TEAM = 642WS839P2;
				INFOPLIST_FILE = AlphaLineUITests/Info.plist;
				LD_RUNPATH_SEARCH_PATHS = (
					"$(inherited)",
					"@executable_path/Frameworks",
					"@loader_path/Frameworks",
				);
				PRODUCT_BUNDLE_IDENTIFIER = G6.AlphaLineUITests;
				PRODUCT_NAME = "$(TARGET_NAME)";
				SWIFT_VERSION = 5.0;
				TARGETED_DEVICE_FAMILY = "1,2";
				TEST_TARGET_NAME = AlphaLine;
			};
			name = Release;
		};
/* End XCBuildConfiguration section */

/* Begin XCConfigurationList section */
		EBC31E2523EB637400D4AAE6 /* Build configuration list for PBXProject "AlphaLine" */ = {
			isa = XCConfigurationList;
			buildConfigurations = (
				EBC31E5223EB637600D4AAE6 /* Debug */,
				EBC31E5323EB637600D4AAE6 /* Release */,
			);
			defaultConfigurationIsVisible = 0;
			defaultConfigurationName = Release;
		};
		EBC31E5423EB637600D4AAE6 /* Build configuration list for PBXNativeTarget "AlphaLine" */ = {
			isa = XCConfigurationList;
			buildConfigurations = (
				EBC31E5523EB637600D4AAE6 /* Debug */,
				EBC31E5623EB637600D4AAE6 /* Release */,
			);
			defaultConfigurationIsVisible = 0;
			defaultConfigurationName = Release;
		};
		EBC31E5723EB637600D4AAE6 /* Build configuration list for PBXNativeTarget "AlphaLineTests" */ = {
			isa = XCConfigurationList;
			buildConfigurations = (
				EBC31E5823EB637600D4AAE6 /* Debug */,
				EBC31E5923EB637600D4AAE6 /* Release */,
			);
			defaultConfigurationIsVisible = 0;
			defaultConfigurationName = Release;
		};
		EBC31E5A23EB637600D4AAE6 /* Build configuration list for PBXNativeTarget "AlphaLineUITests" */ = {
			isa = XCConfigurationList;
			buildConfigurations = (
				EBC31E5B23EB637600D4AAE6 /* Debug */,
				EBC31E5C23EB637600D4AAE6 /* Release */,
			);
			defaultConfigurationIsVisible = 0;
			defaultConfigurationName = Release;
		};
/* End XCConfigurationList section */
	};
	rootObject = EBC31E2223EB637400D4AAE6 /* Project object */;
}
